
Microsoft Visual Studio Solution File, Format Version 12.00
# Visual Studio Version 16
VisualStudioVersion = 16.0.36602.28
MinimumVisualStudioVersion = 10.0.40219.1
Project("{FAE04EC0-301F-11D3-BF4B-00C04F79EFBC}") = "lab1.2", "lab1.2\lab1.2.csproj", "{43F6D826-C0BE-4181-B085-B708D7EC75CE}"
EndProject
Global
	GlobalSection(SolutionConfigurationPlatforms) = preSolution
		Debug|Any CPU = Debug|Any CPU
		Release|Any CPU = Release|Any CPU
	EndGlobalSection
	GlobalSection(ProjectConfigurationPlatforms) = postSolution
		{43F6D826-C0BE-4181-B085-B708D7EC75CE}.Debug|Any CPU.ActiveCfg = Debug|Any CPU
		{43F6D826-C0BE-4181-B085-B708D7EC75CE}.Debug|Any CPU.Build.0 = Debug|Any CPU
		{43F6D826-C0BE-4181-B085-B708D7EC75CE}.Release|Any CPU.ActiveCfg = Release|Any CPU
		{43F6D826-C0BE-4181-B085-B708D7EC75CE}.Release|Any CPU.Build.0 = Release|Any CPU
	EndGlobalSection
	GlobalSection(SolutionProperties) = preSolution
		HideSolutionNode = FALSE
	EndGlobalSection
	GlobalSection(ExtensibilityGlobals) = postSolution
		SolutionGuid = {AD3CCA3F-FF54-45AF-A04E-6A3A0F12F706}
	EndGlobalSection
EndGlobal
